
Microsoft Visual Studio Solution File, Format Version 12.00
# Visual Studio Version 17
VisualStudioVersion = 17.1.32319.34
MinimumVisualStudioVersion = 10.0.40219.1
Project("{FAE04EC0-301F-11D3-BF4B-00C04F79EFBC}") = "Ahorcado", "Ahorcado\Ahorcado.csproj", "{ACF71E9B-5C70-4610-B631-43F7130FA616}"
EndProject
Global
	GlobalSection(SolutionConfigurationPlatforms) = preSolution
		Debug|Any CPU = Debug|Any CPU
		Release|Any CPU = Release|Any CPU
	EndGlobalSection
	GlobalSection(ProjectConfigurationPlatforms) = postSolution
		{ACF71E9B-5C70-4610-B631-43F7130FA616}.Debug|Any CPU.ActiveCfg = Debug|Any CPU
		{ACF71E9B-5C70-4610-B631-43F7130FA616}.Debug|Any CPU.Build.0 = Debug|Any CPU
		{ACF71E9B-5C70-4610-B631-43F7130FA616}.Release|Any CPU.ActiveCfg = Release|Any CPU
		{ACF71E9B-5C70-4610-B631-43F7130FA616}.Release|Any CPU.Build.0 = Release|Any CPU
	EndGlobalSection
	GlobalSection(SolutionProperties) = preSolution
		HideSolutionNode = FALSE
	EndGlobalSection
	GlobalSection(ExtensibilityGlobals) = postSolution
		SolutionGuid = {49383998-15F7-41D0-BABE-6ADE653B5CBD}
	EndGlobalSection
EndGlobal
