
Microsoft Visual Studio Solution File, Format Version 12.00
# Blend for Visual Studio Version 17
VisualStudioVersion = 17.1.32319.34
MinimumVisualStudioVersion = 10.0.40219.1
Project("{9A19103F-16F7-4668-BE54-9A1E7A4F7556}") = "Banco", "Banco\Banco.csproj", "{80CB54ED-3A63-452E-908F-746CD9DE195C}"
EndProject
Global
	GlobalSection(SolutionConfigurationPlatforms) = preSolution
		Debug|Any CPU = Debug|Any CPU
		Release|Any CPU = Release|Any CPU
	EndGlobalSection
	GlobalSection(ProjectConfigurationPlatforms) = postSolution
		{80CB54ED-3A63-452E-908F-746CD9DE195C}.Debug|Any CPU.ActiveCfg = Debug|Any CPU
		{80CB54ED-3A63-452E-908F-746CD9DE195C}.Debug|Any CPU.Build.0 = Debug|Any CPU
		{80CB54ED-3A63-452E-908F-746CD9DE195C}.Release|Any CPU.ActiveCfg = Release|Any CPU
		{80CB54ED-3A63-452E-908F-746CD9DE195C}.Release|Any CPU.Build.0 = Release|Any CPU
	EndGlobalSection
	GlobalSection(SolutionProperties) = preSolution
		HideSolutionNode = FALSE
	EndGlobalSection
	GlobalSection(ExtensibilityGlobals) = postSolution
		SolutionGuid = {D13EB6D3-D9AB-4124-B2A9-1A2EB0BF40DD}
	EndGlobalSection
EndGlobal
