
Microsoft Visual Studio Solution File, Format Version 12.00
# Visual Studio Version 17
VisualStudioVersion = 17.5.33516.290
MinimumVisualStudioVersion = 10.0.40219.1
Project("{FAE04EC0-301F-11D3-BF4B-00C04F79EFBC}") = "ColeccionesVarias", "ColeccionesVarias\ColeccionesVarias.csproj", "{11BDEAE1-A375-4A59-BAB4-6FE9FB0D3DAE}"
EndProject
Project("{FAE04EC0-301F-11D3-BF4B-00C04F79EFBC}") = "ColeccionesTest", "ColeccionesTest\ColeccionesTest.csproj", "{EAAF1C71-2B3D-45F0-A2B9-F010A99F0576}"
EndProject
Global
	GlobalSection(SolutionConfigurationPlatforms) = preSolution
		Debug|Any CPU = Debug|Any CPU
		Release|Any CPU = Release|Any CPU
	EndGlobalSection
	GlobalSection(ProjectConfigurationPlatforms) = postSolution
		{11BDEAE1-A375-4A59-BAB4-6FE9FB0D3DAE}.Debug|Any CPU.ActiveCfg = Debug|Any CPU
		{11BDEAE1-A375-4A59-BAB4-6FE9FB0D3DAE}.Debug|Any CPU.Build.0 = Debug|Any CPU
		{11BDEAE1-A375-4A59-BAB4-6FE9FB0D3DAE}.Release|Any CPU.ActiveCfg = Release|Any CPU
		{11BDEAE1-A375-4A59-BAB4-6FE9FB0D3DAE}.Release|Any CPU.Build.0 = Release|Any CPU
		{EAAF1C71-2B3D-45F0-A2B9-F010A99F0576}.Debug|Any CPU.ActiveCfg = Debug|Any CPU
		{EAAF1C71-2B3D-45F0-A2B9-F010A99F0576}.Debug|Any CPU.Build.0 = Debug|Any CPU
		{EAAF1C71-2B3D-45F0-A2B9-F010A99F0576}.Release|Any CPU.ActiveCfg = Release|Any CPU
		{EAAF1C71-2B3D-45F0-A2B9-F010A99F0576}.Release|Any CPU.Build.0 = Release|Any CPU
	EndGlobalSection
	GlobalSection(SolutionProperties) = preSolution
		HideSolutionNode = FALSE
	EndGlobalSection
	GlobalSection(ExtensibilityGlobals) = postSolution
		SolutionGuid = {14E26DA5-51C4-454B-B956-4C3A67266858}
	EndGlobalSection
EndGlobal
