
Microsoft Visual Studio Solution File, Format Version 12.00
# Visual Studio Version 17
VisualStudioVersion = 17.5.33516.290
MinimumVisualStudioVersion = 10.0.40219.1
Project("{9A19103F-16F7-4668-BE54-9A1E7A4F7556}") = "CStack", "CStack\CStack.csproj", "{E255CD68-A0D0-46B0-99F8-64A0F105E583}"
EndProject
Project("{FAE04EC0-301F-11D3-BF4B-00C04F79EFBC}") = "TestProject1", "TestProject1\TestProject1.csproj", "{D43053CB-E538-4AD2-B908-1028CD859DB1}"
EndProject
Global
	GlobalSection(SolutionConfigurationPlatforms) = preSolution
		Debug|Any CPU = Debug|Any CPU
		Release|Any CPU = Release|Any CPU
	EndGlobalSection
	GlobalSection(ProjectConfigurationPlatforms) = postSolution
		{E255CD68-A0D0-46B0-99F8-64A0F105E583}.Debug|Any CPU.ActiveCfg = Debug|Any CPU
		{E255CD68-A0D0-46B0-99F8-64A0F105E583}.Debug|Any CPU.Build.0 = Debug|Any CPU
		{E255CD68-A0D0-46B0-99F8-64A0F105E583}.Release|Any CPU.ActiveCfg = Release|Any CPU
		{E255CD68-A0D0-46B0-99F8-64A0F105E583}.Release|Any CPU.Build.0 = Release|Any CPU
		{D43053CB-E538-4AD2-B908-1028CD859DB1}.Debug|Any CPU.ActiveCfg = Debug|Any CPU
		{D43053CB-E538-4AD2-B908-1028CD859DB1}.Debug|Any CPU.Build.0 = Debug|Any CPU
		{D43053CB-E538-4AD2-B908-1028CD859DB1}.Release|Any CPU.ActiveCfg = Release|Any CPU
		{D43053CB-E538-4AD2-B908-1028CD859DB1}.Release|Any CPU.Build.0 = Release|Any CPU
	EndGlobalSection
	GlobalSection(SolutionProperties) = preSolution
		HideSolutionNode = FALSE
	EndGlobalSection
	GlobalSection(ExtensibilityGlobals) = postSolution
		SolutionGuid = {67D83307-05FF-4240-83A0-2BFBEFA0EE7F}
	EndGlobalSection
EndGlobal
