
Microsoft Visual Studio Solution File, Format Version 12.00
# Visual Studio Version 17
VisualStudioVersion = 17.2.32616.157
MinimumVisualStudioVersion = 10.0.40219.1
Project("{FAE04EC0-301F-11D3-BF4B-00C04F79EFBC}") = "TpLab2022", "TpLab2022\TpLab2022.csproj", "{C90AC30D-E0AE-4E0F-9456-BFE1122ED23E}"
EndProject
Global
	GlobalSection(SolutionConfigurationPlatforms) = preSolution
		Debug|Any CPU = Debug|Any CPU
		Release|Any CPU = Release|Any CPU
	EndGlobalSection
	GlobalSection(ProjectConfigurationPlatforms) = postSolution
		{C90AC30D-E0AE-4E0F-9456-BFE1122ED23E}.Debug|Any CPU.ActiveCfg = Debug|Any CPU
		{C90AC30D-E0AE-4E0F-9456-BFE1122ED23E}.Debug|Any CPU.Build.0 = Debug|Any CPU
		{C90AC30D-E0AE-4E0F-9456-BFE1122ED23E}.Release|Any CPU.ActiveCfg = Release|Any CPU
		{C90AC30D-E0AE-4E0F-9456-BFE1122ED23E}.Release|Any CPU.Build.0 = Release|Any CPU
	EndGlobalSection
	GlobalSection(SolutionProperties) = preSolution
		HideSolutionNode = FALSE
	EndGlobalSection
	GlobalSection(ExtensibilityGlobals) = postSolution
		SolutionGuid = {4791B7A1-275D-4D66-807D-ADD79DD5F74C}
	EndGlobalSection
EndGlobal
