
Microsoft Visual Studio Solution File, Format Version 12.00
# Visual Studio Version 17
VisualStudioVersion = 17.2.32602.215
MinimumVisualStudioVersion = 10.0.40219.1
Project("{FAE04EC0-301F-11D3-BF4B-00C04F79EFBC}") = "TpLab3", "TpLab3\TpLab3.csproj", "{7685960A-A08F-44D8-884C-796807AFCFD3}"
EndProject
Global
	GlobalSection(SolutionConfigurationPlatforms) = preSolution
		Debug|Any CPU = Debug|Any CPU
		Release|Any CPU = Release|Any CPU
	EndGlobalSection
	GlobalSection(ProjectConfigurationPlatforms) = postSolution
		{7685960A-A08F-44D8-884C-796807AFCFD3}.Debug|Any CPU.ActiveCfg = Debug|Any CPU
		{7685960A-A08F-44D8-884C-796807AFCFD3}.Debug|Any CPU.Build.0 = Debug|Any CPU
		{7685960A-A08F-44D8-884C-796807AFCFD3}.Release|Any CPU.ActiveCfg = Release|Any CPU
		{7685960A-A08F-44D8-884C-796807AFCFD3}.Release|Any CPU.Build.0 = Release|Any CPU
	EndGlobalSection
	GlobalSection(SolutionProperties) = preSolution
		HideSolutionNode = FALSE
	EndGlobalSection
	GlobalSection(ExtensibilityGlobals) = postSolution
		SolutionGuid = {ED9E15BC-5502-4634-8C92-00E2B35284D6}
	EndGlobalSection
EndGlobal
